
Microsoft Visual Studio Solution File, Format Version 12.00
# Visual Studio Version 16
VisualStudioVersion = 16.0.29519.181
MinimumVisualStudioVersion = 10.0.40219.1
Project("{FAE04EC0-301F-11D3-BF4B-00C04F79EFBC}") = "ViewComponentGiris", "ViewComponentGiris\ViewComponentGiris.csproj", "{10564082-4CC1-4335-B571-F0F9DE000000}"
EndProject
Global
	GlobalSection(SolutionConfigurationPlatforms) = preSolution
		Debug|Any CPU = Debug|Any CPU
		Release|Any CPU = Release|Any CPU
	EndGlobalSection
	GlobalSection(ProjectConfigurationPlatforms) = postSolution
		{10564082-4CC1-4335-B571-F0F9DE000000}.Debug|Any CPU.ActiveCfg = Debug|Any CPU
		{10564082-4CC1-4335-B571-F0F9DE000000}.Debug|Any CPU.Build.0 = Debug|Any CPU
		{10564082-4CC1-4335-B571-F0F9DE000000}.Release|Any CPU.ActiveCfg = Release|Any CPU
		{10564082-4CC1-4335-B571-F0F9DE000000}.Release|Any CPU.Build.0 = Release|Any CPU
	EndGlobalSection
	GlobalSection(SolutionProperties) = preSolution
		HideSolutionNode = FALSE
	EndGlobalSection
	GlobalSection(ExtensibilityGlobals) = postSolution
		SolutionGuid = {D476B440-D4B2-4411-895B-5ED0B8DB9875}
	EndGlobalSection
EndGlobal
